// !$*UTF8*$!
{
	archiveVersion = 1;
	classes = {
	};
	objectVersion = 56;
	objects = {

/* Begin PBXBuildFile section */
		598BFAD02B45343E00F60FC8 /* FirebaseManager.swift in Sources */ = {isa = PBXBuildFile; fileRef = 598BFACF2B45343E00F60FC8 /* FirebaseManager.swift */; };
		598BFAD32B45347300F60FC8 /* FirebaseDatabase in Frameworks */ = {isa = PBXBuildFile; productRef = 598BFAD22B45347300F60FC8 /* FirebaseDatabase */; };
		599C2E792B3167800046BEF7 /* MobileAppApp.swift in Sources */ = {isa = PBXBuildFile; fileRef = 599C2E782B3167800046BEF7 /* MobileAppApp.swift */; };
		599C2E7B2B3167800046BEF7 /* ContentView.swift in Sources */ = {isa = PBXBuildFile; fileRef = 599C2E7A2B3167800046BEF7 /* ContentView.swift */; };
		599C2E7F2B3167820046BEF7 /* Assets.xcassets in Resources */ = {isa = PBXBuildFile; fileRef = 599C2E7E2B3167820046BEF7 /* Assets.xcassets */; };
		599C2E822B3167820046BEF7 /* Preview Assets.xcassets in Resources */ = {isa = PBXBuildFile; fileRef = 599C2E812B3167820046BEF7 /* Preview Assets.xcassets */; };
		59A1E4692B4FB6BD00B1FC37 /* Classifier.swift in Sources */ = {isa = PBXBuildFile; fileRef = 59A1E4662B4FB6BD00B1FC37 /* Classifier.swift */; };
		59A1E46C2B4FB6BD00B1FC37 /* ImageClassifier.swift in Sources */ = {isa = PBXBuildFile; fileRef = 59A1E4672B4FB6BD00B1FC37 /* ImageClassifier.swift */; };
		59A1E46F2B4FB6BD00B1FC37 /* ImagePicker.swift in Sources */ = {isa = PBXBuildFile; fileRef = 59A1E4682B4FB6BD00B1FC37 /* ImagePicker.swift */; };
		59A1E4732B4FB6F200B1FC37 /* MobileNetV2.mlmodel in Sources */ = {isa = PBXBuildFile; fileRef = 59A1E4722B4FB6F200B1FC37 /* MobileNetV2.mlmodel */; };
		59A1E4772B4FDA7500B1FC37 /* AiAddingView.swift in Sources */ = {isa = PBXBuildFile; fileRef = 59A1E4762B4FDA7500B1FC37 /* AiAddingView.swift */; };
		59A1E4842B550A4700B1FC37 /* listManager.swift in Sources */ = {isa = PBXBuildFile; fileRef = 59A1E4832B550A4700B1FC37 /* listManager.swift */; };
		59A1E48D2B55570000B1FC37 /* UserDefaults.swift in Sources */ = {isa = PBXBuildFile; fileRef = 59A1E48C2B55570000B1FC37 /* UserDefaults.swift */; };
		59A1E48F2B55572B00B1FC37 /* AppData.swift in Sources */ = {isa = PBXBuildFile; fileRef = 59A1E48E2B55572B00B1FC37 /* AppData.swift */; };
		59AACF692B5921B6008CAC79 /* ListViewTest.swift in Sources */ = {isa = PBXBuildFile; fileRef = 59AACF682B5921B6008CAC79 /* ListViewTest.swift */; };
		59CC0ABB2B56559000138FD5 /* MedicationNotificationManager.swift in Sources */ = {isa = PBXBuildFile; fileRef = 59CC0ABA2B56559000138FD5 /* MedicationNotificationManager.swift */; };
		59D315662B4695E40051C3BA /* CalendarCell.swift in Sources */ = {isa = PBXBuildFile; fileRef = 59D315652B4695E40051C3BA /* CalendarCell.swift */; };
		59D3156A2B4695FA0051C3BA /* CalendarHelper.swift in Sources */ = {isa = PBXBuildFile; fileRef = 59D315692B4695FA0051C3BA /* CalendarHelper.swift */; };
		59D3156E2B4696320051C3BA /* DateHolder.swift in Sources */ = {isa = PBXBuildFile; fileRef = 59D3156D2B4696320051C3BA /* DateHolder.swift */; };
		59D315722B4696470051C3BA /* DateScrollerView.swift in Sources */ = {isa = PBXBuildFile; fileRef = 59D315712B4696470051C3BA /* DateScrollerView.swift */; };
		59D315762B46965B0051C3BA /* MonthStruct.swift in Sources */ = {isa = PBXBuildFile; fileRef = 59D315752B46965B0051C3BA /* MonthStruct.swift */; };
		59D3157B2B4D16F80051C3BA /* LocationModel.swift in Sources */ = {isa = PBXBuildFile; fileRef = 59D3157A2B4D16F80051C3BA /* LocationModel.swift */; };
		59D315832B4D3BEF0051C3BA /* Item.swift in Sources */ = {isa = PBXBuildFile; fileRef = 59D315822B4D3BEF0051C3BA /* Item.swift */; };
		59D5C4142B5917FB00426E71 /* MobileAppTests.swift in Sources */ = {isa = PBXBuildFile; fileRef = 59D5C4132B5917FB00426E71 /* MobileAppTests.swift */; };
		59D5C4212B59180900426E71 /* MobileAppUITests.swift in Sources */ = {isa = PBXBuildFile; fileRef = 59D5C4202B59180900426E71 /* MobileAppUITests.swift */; };
		59D5C4232B59180900426E71 /* MobileAppUITestsLaunchTests.swift in Sources */ = {isa = PBXBuildFile; fileRef = 59D5C4222B59180900426E71 /* MobileAppUITestsLaunchTests.swift */; };
		59FC6AE92B40010B00A7D9A7 /* ListView.swift in Sources */ = {isa = PBXBuildFile; fileRef = 59FC6AE82B40010B00A7D9A7 /* ListView.swift */; };
		59FC6AEB2B40011A00A7D9A7 /* RecordView.swift in Sources */ = {isa = PBXBuildFile; fileRef = 59FC6AEA2B40011A00A7D9A7 /* RecordView.swift */; };
		59FC6AED2B40012300A7D9A7 /* MapView.swift in Sources */ = {isa = PBXBuildFile; fileRef = 59FC6AEC2B40012300A7D9A7 /* MapView.swift */; };
		59FC6AEF2B40012B00A7D9A7 /* AIView.swift in Sources */ = {isa = PBXBuildFile; fileRef = 59FC6AEE2B40012B00A7D9A7 /* AIView.swift */; };
		59FC6AF12B40013400A7D9A7 /* SettingView.swift in Sources */ = {isa = PBXBuildFile; fileRef = 59FC6AF02B40013400A7D9A7 /* SettingView.swift */; };
		59FC6AF32B40045000A7D9A7 /* GoogleService-Info.plist in Resources */ = {isa = PBXBuildFile; fileRef = 59FC6AF22B40045000A7D9A7 /* GoogleService-Info.plist */; };
		59FC6AF82B4005A500A7D9A7 /* FirebaseAnalyticsWithoutAdIdSupport in Frameworks */ = {isa = PBXBuildFile; productRef = 59FC6AF72B4005A500A7D9A7 /* FirebaseAnalyticsWithoutAdIdSupport */; };
		59FC6AFE2B40075A00A7D9A7 /* LoginView.swift in Sources */ = {isa = PBXBuildFile; fileRef = 59FC6AFD2B40075A00A7D9A7 /* LoginView.swift */; };
		59FC6B022B4007F800A7D9A7 /* FirebaseAuth in Frameworks */ = {isa = PBXBuildFile; productRef = 59FC6B012B4007F800A7D9A7 /* FirebaseAuth */; };
		59FC6B042B4007F800A7D9A7 /* FirebaseFirestoreSwift in Frameworks */ = {isa = PBXBuildFile; productRef = 59FC6B032B4007F800A7D9A7 /* FirebaseFirestoreSwift */; };
		59FC6B062B4007F800A7D9A7 /* FirebaseStorage in Frameworks */ = {isa = PBXBuildFile; productRef = 59FC6B052B4007F800A7D9A7 /* FirebaseStorage */; };
/* End PBXBuildFile section */

/* Begin PBXContainerItemProxy section */
		59D5C4152B5917FB00426E71 /* PBXContainerItemProxy */ = {
			isa = PBXContainerItemProxy;
			containerPortal = 599C2E6D2B3167800046BEF7 /* Project object */;
			proxyType = 1;
			remoteGlobalIDString = 599C2E742B3167800046BEF7;
			remoteInfo = MobileApp;
		};
		59D5C4242B59180900426E71 /* PBXContainerItemProxy */ = {
			isa = PBXContainerItemProxy;
			containerPortal = 599C2E6D2B3167800046BEF7 /* Project object */;
			proxyType = 1;
			remoteGlobalIDString = 599C2E742B3167800046BEF7;
			remoteInfo = MobileApp;
		};
/* End PBXContainerItemProxy section */

/* Begin PBXFileReference section */
		598BFACF2B45343E00F60FC8 /* FirebaseManager.swift */ = {isa = PBXFileReference; lastKnownFileType = sourcecode.swift; path = FirebaseManager.swift; sourceTree = "<group>"; };
		599C2E752B3167800046BEF7 /* MobileApp.app */ = {isa = PBXFileReference; explicitFileType = wrapper.application; includeInIndex = 0; path = MobileApp.app; sourceTree = BUILT_PRODUCTS_DIR; };
		599C2E782B3167800046BEF7 /* MobileAppApp.swift */ = {isa = PBXFileReference; lastKnownFileType = sourcecode.swift; path = MobileAppApp.swift; sourceTree = "<group>"; };
		599C2E7A2B3167800046BEF7 /* ContentView.swift */ = {isa = PBXFileReference; lastKnownFileType = sourcecode.swift; path = ContentView.swift; sourceTree = "<group>"; };
		599C2E7E2B3167820046BEF7 /* Assets.xcassets */ = {isa = PBXFileReference; lastKnownFileType = folder.assetcatalog; path = Assets.xcassets; sourceTree = "<group>"; };
		599C2E812B3167820046BEF7 /* Preview Assets.xcassets */ = {isa = PBXFileReference; lastKnownFileType = folder.assetcatalog; path = "Preview Assets.xcassets"; sourceTree = "<group>"; };
		599C2E8B2B3167820046BEF7 /* MobileAppTests.swift */ = {isa = PBXFileReference; lastKnownFileType = sourcecode.swift; path = MobileAppTests.swift; sourceTree = "<group>"; };
		599C2E952B3167820046BEF7 /* MobileAppUITests.swift */ = {isa = PBXFileReference; lastKnownFileType = sourcecode.swift; path = MobileAppUITests.swift; sourceTree = "<group>"; };
		599C2E972B3167820046BEF7 /* MobileAppUITestsLaunchTests.swift */ = {isa = PBXFileReference; lastKnownFileType = sourcecode.swift; path = MobileAppUITestsLaunchTests.swift; sourceTree = "<group>"; };
		59A1E4662B4FB6BD00B1FC37 /* Classifier.swift */ = {isa = PBXFileReference; fileEncoding = 4; lastKnownFileType = sourcecode.swift; path = Classifier.swift; sourceTree = "<group>"; };
		59A1E4672B4FB6BD00B1FC37 /* ImageClassifier.swift */ = {isa = PBXFileReference; fileEncoding = 4; lastKnownFileType = sourcecode.swift; path = ImageClassifier.swift; sourceTree = "<group>"; };
		59A1E4682B4FB6BD00B1FC37 /* ImagePicker.swift */ = {isa = PBXFileReference; fileEncoding = 4; lastKnownFileType = sourcecode.swift; path = ImagePicker.swift; sourceTree = "<group>"; };
		59A1E4722B4FB6F200B1FC37 /* MobileNetV2.mlmodel */ = {isa = PBXFileReference; lastKnownFileType = file.mlmodel; path = MobileNetV2.mlmodel; sourceTree = "<group>"; };
		59A1E4762B4FDA7500B1FC37 /* AiAddingView.swift */ = {isa = PBXFileReference; lastKnownFileType = sourcecode.swift; path = AiAddingView.swift; sourceTree = "<group>"; };
		59A1E4832B550A4700B1FC37 /* listManager.swift */ = {isa = PBXFileReference; lastKnownFileType = sourcecode.swift; path = listManager.swift; sourceTree = "<group>"; };
		59A1E48C2B55570000B1FC37 /* UserDefaults.swift */ = {isa = PBXFileReference; lastKnownFileType = sourcecode.swift; path = UserDefaults.swift; sourceTree = "<group>"; };
		59A1E48E2B55572B00B1FC37 /* AppData.swift */ = {isa = PBXFileReference; lastKnownFileType = sourcecode.swift; path = AppData.swift; sourceTree = "<group>"; };
		59AACF682B5921B6008CAC79 /* ListViewTest.swift */ = {isa = PBXFileReference; lastKnownFileType = sourcecode.swift; path = ListViewTest.swift; sourceTree = "<group>"; };
		59CC0ABA2B56559000138FD5 /* MedicationNotificationManager.swift */ = {isa = PBXFileReference; fileEncoding = 4; lastKnownFileType = sourcecode.swift; path = MedicationNotificationManager.swift; sourceTree = "<group>"; };
		59D315652B4695E40051C3BA /* CalendarCell.swift */ = {isa = PBXFileReference; lastKnownFileType = sourcecode.swift; path = CalendarCell.swift; sourceTree = "<group>"; };
		59D315692B4695FA0051C3BA /* CalendarHelper.swift */ = {isa = PBXFileReference; lastKnownFileType = sourcecode.swift; path = CalendarHelper.swift; sourceTree = "<group>"; };
		59D3156D2B4696320051C3BA /* DateHolder.swift */ = {isa = PBXFileReference; lastKnownFileType = sourcecode.swift; path = DateHolder.swift; sourceTree = "<group>"; };
		59D315712B4696470051C3BA /* DateScrollerView.swift */ = {isa = PBXFileReference; lastKnownFileType = sourcecode.swift; path = DateScrollerView.swift; sourceTree = "<group>"; };
		59D315752B46965B0051C3BA /* MonthStruct.swift */ = {isa = PBXFileReference; lastKnownFileType = sourcecode.swift; path = MonthStruct.swift; sourceTree = "<group>"; };
		59D3157A2B4D16F80051C3BA /* LocationModel.swift */ = {isa = PBXFileReference; lastKnownFileType = sourcecode.swift; path = LocationModel.swift; sourceTree = "<group>"; };
		59D315822B4D3BEF0051C3BA /* Item.swift */ = {isa = PBXFileReference; fileEncoding = 4; lastKnownFileType = sourcecode.swift; path = Item.swift; sourceTree = "<group>"; };
		59D5C4042B59178400426E71 /* MobileApp_Tests.swift */ = {isa = PBXFileReference; lastKnownFileType = sourcecode.swift; path = MobileApp_Tests.swift; sourceTree = "<group>"; };
		59D5C4112B5917FB00426E71 /* MobileAppTests.xctest */ = {isa = PBXFileReference; explicitFileType = wrapper.cfbundle; includeInIndex = 0; path = MobileAppTests.xctest; sourceTree = BUILT_PRODUCTS_DIR; };
		59D5C4132B5917FB00426E71 /* MobileAppTests.swift */ = {isa = PBXFileReference; lastKnownFileType = sourcecode.swift; path = MobileAppTests.swift; sourceTree = "<group>"; };
		59D5C41E2B59180900426E71 /* MobileAppUITests.xctest */ = {isa = PBXFileReference; explicitFileType = wrapper.cfbundle; includeInIndex = 0; path = MobileAppUITests.xctest; sourceTree = BUILT_PRODUCTS_DIR; };
		59D5C4202B59180900426E71 /* MobileAppUITests.swift */ = {isa = PBXFileReference; lastKnownFileType = sourcecode.swift; path = MobileAppUITests.swift; sourceTree = "<group>"; };
		59D5C4222B59180900426E71 /* MobileAppUITestsLaunchTests.swift */ = {isa = PBXFileReference; lastKnownFileType = sourcecode.swift; path = MobileAppUITestsLaunchTests.swift; sourceTree = "<group>"; };
		59FC6AE82B40010B00A7D9A7 /* ListView.swift */ = {isa = PBXFileReference; lastKnownFileType = sourcecode.swift; path = ListView.swift; sourceTree = "<group>"; };
		59FC6AEA2B40011A00A7D9A7 /* RecordView.swift */ = {isa = PBXFileReference; lastKnownFileType = sourcecode.swift; path = RecordView.swift; sourceTree = "<group>"; };
		59FC6AEC2B40012300A7D9A7 /* MapView.swift */ = {isa = PBXFileReference; lastKnownFileType = sourcecode.swift; path = MapView.swift; sourceTree = "<group>"; };
		59FC6AEE2B40012B00A7D9A7 /* AIView.swift */ = {isa = PBXFileReference; lastKnownFileType = sourcecode.swift; path = AIView.swift; sourceTree = "<group>"; };
		59FC6AF02B40013400A7D9A7 /* SettingView.swift */ = {isa = PBXFileReference; lastKnownFileType = sourcecode.swift; path = SettingView.swift; sourceTree = "<group>"; };
		59FC6AF22B40045000A7D9A7 /* GoogleService-Info.plist */ = {isa = PBXFileReference; fileEncoding = 4; lastKnownFileType = text.plist.xml; path = "GoogleService-Info.plist"; sourceTree = "<group>"; };
		59FC6AFD2B40075A00A7D9A7 /* LoginView.swift */ = {isa = PBXFileReference; lastKnownFileType = sourcecode.swift; path = LoginView.swift; sourceTree = "<group>"; };
/* End PBXFileReference section */

/* Begin PBXFrameworksBuildPhase section */
		599C2E722B3167800046BEF7 /* Frameworks */ = {
			isa = PBXFrameworksBuildPhase;
			buildActionMask = 2147483647;
			files = (
				598BFAD32B45347300F60FC8 /* FirebaseDatabase in Frameworks */,
				59FC6AF82B4005A500A7D9A7 /* FirebaseAnalyticsWithoutAdIdSupport in Frameworks */,
				59FC6B062B4007F800A7D9A7 /* FirebaseStorage in Frameworks */,
				59FC6B022B4007F800A7D9A7 /* FirebaseAuth in Frameworks */,
				59FC6B042B4007F800A7D9A7 /* FirebaseFirestoreSwift in Frameworks */,
			);
			runOnlyForDeploymentPostprocessing = 0;
		};
		59D5C40E2B5917FB00426E71 /* Frameworks */ = {
			isa = PBXFrameworksBuildPhase;
			buildActionMask = 2147483647;
			files = (
			);
			runOnlyForDeploymentPostprocessing = 0;
		};
		59D5C41B2B59180900426E71 /* Frameworks */ = {
			isa = PBXFrameworksBuildPhase;
			buildActionMask = 2147483647;
			files = (
			);
			runOnlyForDeploymentPostprocessing = 0;
		};
/* End PBXFrameworksBuildPhase section */

/* Begin PBXGroup section */
		598BFAD12B45347300F60FC8 /* Frameworks */ = {
			isa = PBXGroup;
			children = (
			);
			name = Frameworks;
			sourceTree = "<group>";
		};
		599C2E6C2B3167800046BEF7 = {
			isa = PBXGroup;
			children = (
				599C2E772B3167800046BEF7 /* MobileApp */,
				599C2E8A2B3167820046BEF7 /* MobileAppTests */,
				599C2E942B3167820046BEF7 /* MobileAppUITests */,
				59D5C4032B59178400426E71 /* MobileApp_Tests */,
				59D5C4122B5917FB00426E71 /* MobileAppTests */,
				59D5C41F2B59180900426E71 /* MobileAppUITests */,
				599C2E762B3167800046BEF7 /* Products */,
				598BFAD12B45347300F60FC8 /* Frameworks */,
			);
			sourceTree = "<group>";
		};
		599C2E762B3167800046BEF7 /* Products */ = {
			isa = PBXGroup;
			children = (
				599C2E752B3167800046BEF7 /* MobileApp.app */,
				59D5C4112B5917FB00426E71 /* MobileAppTests.xctest */,
				59D5C41E2B59180900426E71 /* MobileAppUITests.xctest */,
			);
			name = Products;
			sourceTree = "<group>";
		};
		599C2E772B3167800046BEF7 /* MobileApp */ = {
			isa = PBXGroup;
			children = (
				59A1E4902B5562CE00B1FC37 /* LocalSaving */,
				59D3157E2B4D3A850051C3BA /* Main */,
				59A1E4872B550A5D00B1FC37 /* Reminder */,
				59D3157F2B4D3AC60051C3BA /* Calendar */,
				59D315812B4D3AEA0051C3BA /* Location */,
				59A1E4652B4FB69400B1FC37 /* AI */,
				59D5C3C92B59117100426E71 /* Testing */,
				59D315802B4D3ADD0051C3BA /* Firebase */,
				59D315822B4D3BEF0051C3BA /* Item.swift */,
				59FC6AF22B40045000A7D9A7 /* GoogleService-Info.plist */,
				599C2E7E2B3167820046BEF7 /* Assets.xcassets */,
				599C2E802B3167820046BEF7 /* Preview Content */,
			);
			path = MobileApp;
			sourceTree = "<group>";
		};
		599C2E802B3167820046BEF7 /* Preview Content */ = {
			isa = PBXGroup;
			children = (
				599C2E812B3167820046BEF7 /* Preview Assets.xcassets */,
			);
			path = "Preview Content";
			sourceTree = "<group>";
		};
		599C2E8A2B3167820046BEF7 /* MobileAppTests */ = {
			isa = PBXGroup;
			children = (
				599C2E8B2B3167820046BEF7 /* MobileAppTests.swift */,
			);
			path = MobileAppTests;
			sourceTree = "<group>";
		};
		599C2E942B3167820046BEF7 /* MobileAppUITests */ = {
			isa = PBXGroup;
			children = (
				599C2E952B3167820046BEF7 /* MobileAppUITests.swift */,
				599C2E972B3167820046BEF7 /* MobileAppUITestsLaunchTests.swift */,
			);
			path = MobileAppUITests;
			sourceTree = "<group>";
		};
		59A1E4652B4FB69400B1FC37 /* AI */ = {
			isa = PBXGroup;
			children = (
				59FC6AEE2B40012B00A7D9A7 /* AIView.swift */,
				59A1E4762B4FDA7500B1FC37 /* AiAddingView.swift */,
				59A1E4722B4FB6F200B1FC37 /* MobileNetV2.mlmodel */,
				59A1E4662B4FB6BD00B1FC37 /* Classifier.swift */,
				59A1E4672B4FB6BD00B1FC37 /* ImageClassifier.swift */,
				59A1E4682B4FB6BD00B1FC37 /* ImagePicker.swift */,
			);
			path = AI;
			sourceTree = "<group>";
		};
		59A1E4872B550A5D00B1FC37 /* Reminder */ = {
			isa = PBXGroup;
			children = (
				59FC6AE82B40010B00A7D9A7 /* ListView.swift */,
				59A1E4832B550A4700B1FC37 /* listManager.swift */,
				59CC0ABA2B56559000138FD5 /* MedicationNotificationManager.swift */,
			);
			path = Reminder;
			sourceTree = "<group>";
		};
		59A1E4902B5562CE00B1FC37 /* LocalSaving */ = {
			isa = PBXGroup;
			children = (
				59A1E48C2B55570000B1FC37 /* UserDefaults.swift */,
				59A1E48E2B55572B00B1FC37 /* AppData.swift */,
			);
			path = LocalSaving;
			sourceTree = "<group>";
		};
		59D3157E2B4D3A850051C3BA /* Main */ = {
			isa = PBXGroup;
			children = (
				599C2E782B3167800046BEF7 /* MobileAppApp.swift */,
				599C2E7A2B3167800046BEF7 /* ContentView.swift */,
				59FC6AF02B40013400A7D9A7 /* SettingView.swift */,
			);
			path = Main;
			sourceTree = "<group>";
		};
		59D3157F2B4D3AC60051C3BA /* Calendar */ = {
			isa = PBXGroup;
			children = (
				59FC6AEA2B40011A00A7D9A7 /* RecordView.swift */,
				59D315652B4695E40051C3BA /* CalendarCell.swift */,
				59D315692B4695FA0051C3BA /* CalendarHelper.swift */,
				59D315712B4696470051C3BA /* DateScrollerView.swift */,
				59D315752B46965B0051C3BA /* MonthStruct.swift */,
				59D3156D2B4696320051C3BA /* DateHolder.swift */,
			);
			path = Calendar;
			sourceTree = "<group>";
		};
		59D315802B4D3ADD0051C3BA /* Firebase */ = {
			isa = PBXGroup;
			children = (
				59FC6AFD2B40075A00A7D9A7 /* LoginView.swift */,
				598BFACF2B45343E00F60FC8 /* FirebaseManager.swift */,
			);
			path = Firebase;
			sourceTree = "<group>";
		};
		59D315812B4D3AEA0051C3BA /* Location */ = {
			isa = PBXGroup;
			children = (
				59FC6AEC2B40012300A7D9A7 /* MapView.swift */,
				59D3157A2B4D16F80051C3BA /* LocationModel.swift */,
			);
			path = Location;
			sourceTree = "<group>";
		};
		59D5C3C92B59117100426E71 /* Testing */ = {
			isa = PBXGroup;
			children = (
				59AACF682B5921B6008CAC79 /* ListViewTest.swift */,
			);
			path = Testing;
			sourceTree = "<group>";
		};
		59D5C4032B59178400426E71 /* MobileApp_Tests */ = {
			isa = PBXGroup;
			children = (
				59D5C4042B59178400426E71 /* MobileApp_Tests.swift */,
			);
			path = MobileApp_Tests;
			sourceTree = "<group>";
		};
		59D5C4122B5917FB00426E71 /* MobileAppTests */ = {
			isa = PBXGroup;
			children = (
				59D5C4132B5917FB00426E71 /* MobileAppTests.swift */,
			);
			path = MobileAppTests;
			sourceTree = "<group>";
		};
		59D5C41F2B59180900426E71 /* MobileAppUITests */ = {
			isa = PBXGroup;
			children = (
				59D5C4202B59180900426E71 /* MobileAppUITests.swift */,
				59D5C4222B59180900426E71 /* MobileAppUITestsLaunchTests.swift */,
			);
			path = MobileAppUITests;
			sourceTree = "<group>";
		};
/* End PBXGroup section */

/* Begin PBXNativeTarget section */
		599C2E742B3167800046BEF7 /* MobileApp */ = {
			isa = PBXNativeTarget;
			buildConfigurationList = 599C2E9B2B3167820046BEF7 /* Build configuration list for PBXNativeTarget "MobileApp" */;
			buildPhases = (
				599C2E712B3167800046BEF7 /* Sources */,
				599C2E722B3167800046BEF7 /* Frameworks */,
				599C2E732B3167800046BEF7 /* Resources */,
			);
			buildRules = (
			);
			dependencies = (
			);
			name = MobileApp;
			packageProductDependencies = (
				59FC6AF72B4005A500A7D9A7 /* FirebaseAnalyticsWithoutAdIdSupport */,
				59FC6B012B4007F800A7D9A7 /* FirebaseAuth */,
				59FC6B032B4007F800A7D9A7 /* FirebaseFirestoreSwift */,
				59FC6B052B4007F800A7D9A7 /* FirebaseStorage */,
				598BFAD22B45347300F60FC8 /* FirebaseDatabase */,
			);
			productName = MobileApp;
			productReference = 599C2E752B3167800046BEF7 /* MobileApp.app */;
			productType = "com.apple.product-type.application";
		};
		59D5C4102B5917FB00426E71 /* MobileAppTests */ = {
			isa = PBXNativeTarget;
			buildConfigurationList = 59D5C4172B5917FB00426E71 /* Build configuration list for PBXNativeTarget "MobileAppTests" */;
			buildPhases = (
				59D5C40D2B5917FB00426E71 /* Sources */,
				59D5C40E2B5917FB00426E71 /* Frameworks */,
				59D5C40F2B5917FB00426E71 /* Resources */,
			);
			buildRules = (
			);
			dependencies = (
				59D5C4162B5917FB00426E71 /* PBXTargetDependency */,
			);
			name = MobileAppTests;
			productName = MobileAppTests;
			productReference = 59D5C4112B5917FB00426E71 /* MobileAppTests.xctest */;
			productType = "com.apple.product-type.bundle.unit-test";
		};
		59D5C41D2B59180900426E71 /* MobileAppUITests */ = {
			isa = PBXNativeTarget;
			buildConfigurationList = 59D5C4262B59180900426E71 /* Build configuration list for PBXNativeTarget "MobileAppUITests" */;
			buildPhases = (
				59D5C41A2B59180900426E71 /* Sources */,
				59D5C41B2B59180900426E71 /* Frameworks */,
				59D5C41C2B59180900426E71 /* Resources */,
			);
			buildRules = (
			);
			dependencies = (
				59D5C4252B59180900426E71 /* PBXTargetDependency */,
			);
			name = MobileAppUITests;
			productName = MobileAppUITests;
			productReference = 59D5C41E2B59180900426E71 /* MobileAppUITests.xctest */;
			productType = "com.apple.product-type.bundle.ui-testing";
		};
/* End PBXNativeTarget section */

/* Begin PBXProject section */
		599C2E6D2B3167800046BEF7 /* Project object */ = {
			isa = PBXProject;
			attributes = {
				BuildIndependentTargetsInParallel = 1;
				LastSwiftUpdateCheck = 1500;
				LastUpgradeCheck = 1500;
				TargetAttributes = {
					599C2E742B3167800046BEF7 = {
						CreatedOnToolsVersion = 15.0.1;
					};
					59D5C4102B5917FB00426E71 = {
						CreatedOnToolsVersion = 15.0.1;
						TestTargetID = 599C2E742B3167800046BEF7;
					};
					59D5C41D2B59180900426E71 = {
						CreatedOnToolsVersion = 15.0.1;
						TestTargetID = 599C2E742B3167800046BEF7;
					};
				};
			};
			buildConfigurationList = 599C2E702B3167800046BEF7 /* Build configuration list for PBXProject "MobileApp" */;
			compatibilityVersion = "Xcode 14.0";
			developmentRegion = en;
			hasScannedForEncodings = 0;
			knownRegions = (
				en,
				Base,
			);
			mainGroup = 599C2E6C2B3167800046BEF7;
			packageReferences = (
				59FC6AF62B4005A500A7D9A7 /* XCRemoteSwiftPackageReference "firebase-ios-sdk" */,
			);
			productRefGroup = 599C2E762B3167800046BEF7 /* Products */;
			projectDirPath = "";
			projectRoot = "";
			targets = (
				599C2E742B3167800046BEF7 /* MobileApp */,
				59D5C4102B5917FB00426E71 /* MobileAppTests */,
				59D5C41D2B59180900426E71 /* MobileAppUITests */,
			);
		};
/* End PBXProject section */

/* Begin PBXResourcesBuildPhase section */
		599C2E732B3167800046BEF7 /* Resources */ = {
			isa = PBXResourcesBuildPhase;
			buildActionMask = 2147483647;
			files = (
				599C2E822B3167820046BEF7 /* Preview Assets.xcassets in Resources */,
				59FC6AF32B40045000A7D9A7 /* GoogleService-Info.plist in Resources */,
				599C2E7F2B3167820046BEF7 /* Assets.xcassets in Resources */,
			);
			runOnlyForDeploymentPostprocessing = 0;
		};
		59D5C40F2B5917FB00426E71 /* Resources */ = {
			isa = PBXResourcesBuildPhase;
			buildActionMask = 2147483647;
			files = (
			);
			runOnlyForDeploymentPostprocessing = 0;
		};
		59D5C41C2B59180900426E71 /* Resources */ = {
			isa = PBXResourcesBuildPhase;
			buildActionMask = 2147483647;
			files = (
			);
			runOnlyForDeploymentPostprocessing = 0;
		};
/* End PBXResourcesBuildPhase section */

/* Begin PBXSourcesBuildPhase section */
		599C2E712B3167800046BEF7 /* Sources */ = {
			isa = PBXSourcesBuildPhase;
			buildActionMask = 2147483647;
			files = (
				59A1E4692B4FB6BD00B1FC37 /* Classifier.swift in Sources */,
				59D3156E2B4696320051C3BA /* DateHolder.swift in Sources */,
				59FC6AE92B40010B00A7D9A7 /* ListView.swift in Sources */,
				59D315722B4696470051C3BA /* DateScrollerView.swift in Sources */,
				59D3156A2B4695FA0051C3BA /* CalendarHelper.swift in Sources */,
				59D315832B4D3BEF0051C3BA /* Item.swift in Sources */,
				59D3157B2B4D16F80051C3BA /* LocationModel.swift in Sources */,
				59A1E46F2B4FB6BD00B1FC37 /* ImagePicker.swift in Sources */,
				59FC6AED2B40012300A7D9A7 /* MapView.swift in Sources */,
				598BFAD02B45343E00F60FC8 /* FirebaseManager.swift in Sources */,
				599C2E7B2B3167800046BEF7 /* ContentView.swift in Sources */,
				59A1E48F2B55572B00B1FC37 /* AppData.swift in Sources */,
				59A1E4772B4FDA7500B1FC37 /* AiAddingView.swift in Sources */,
				59A1E46C2B4FB6BD00B1FC37 /* ImageClassifier.swift in Sources */,
				59FC6AFE2B40075A00A7D9A7 /* LoginView.swift in Sources */,
				59A1E48D2B55570000B1FC37 /* UserDefaults.swift in Sources */,
				59D315762B46965B0051C3BA /* MonthStruct.swift in Sources */,
				59FC6AEF2B40012B00A7D9A7 /* AIView.swift in Sources */,
				59D315662B4695E40051C3BA /* CalendarCell.swift in Sources */,
				59A1E4842B550A4700B1FC37 /* listManager.swift in Sources */,
				59FC6AF12B40013400A7D9A7 /* SettingView.swift in Sources */,
				59CC0ABB2B56559000138FD5 /* MedicationNotificationManager.swift in Sources */,
				59FC6AEB2B40011A00A7D9A7 /* RecordView.swift in Sources */,
				59A1E4732B4FB6F200B1FC37 /* MobileNetV2.mlmodel in Sources */,
				599C2E792B3167800046BEF7 /* MobileAppApp.swift in Sources */,
			);
			runOnlyForDeploymentPostprocessing = 0;
		};
		59D5C40D2B5917FB00426E71 /* Sources */ = {
			isa = PBXSourcesBuildPhase;
			buildActionMask = 2147483647;
			files = (
				59AACF692B5921B6008CAC79 /* ListViewTest.swift in Sources */,
				59D5C4142B5917FB00426E71 /* MobileAppTests.swift in Sources */,
			);
			runOnlyForDeploymentPostprocessing = 0;
		};
		59D5C41A2B59180900426E71 /* Sources */ = {
			isa = PBXSourcesBuildPhase;
			buildActionMask = 2147483647;
			files = (
				59D5C4232B59180900426E71 /* MobileAppUITestsLaunchTests.swift in Sources */,
				59D5C4212B59180900426E71 /* MobileAppUITests.swift in Sources */,
			);
			runOnlyForDeploymentPostprocessing = 0;
		};
/* End PBXSourcesBuildPhase section */

/* Begin PBXTargetDependency section */
		59D5C4162B5917FB00426E71 /* PBXTargetDependency */ = {
			isa = PBXTargetDependency;
			target = 599C2E742B3167800046BEF7 /* MobileApp */;
			targetProxy = 59D5C4152B5917FB00426E71 /* PBXContainerItemProxy */;
		};
		59D5C4252B59180900426E71 /* PBXTargetDependency */ = {
			isa = PBXTargetDependency;
			target = 599C2E742B3167800046BEF7 /* MobileApp */;
			targetProxy = 59D5C4242B59180900426E71 /* PBXContainerItemProxy */;
		};
/* End PBXTargetDependency section */

/* Begin XCBuildConfiguration section */
		599C2E992B3167820046BEF7 /* Debug */ = {
			isa = XCBuildConfiguration;
			buildSettings = {
				ALWAYS_SEARCH_USER_PATHS = NO;
				ASSETCATALOG_COMPILER_GENERATE_SWIFT_ASSET_SYMBOL_EXTENSIONS = YES;
				CLANG_ANALYZER_NONNULL = YES;
				CLANG_ANALYZER_NUMBER_OBJECT_CONVERSION = YES_AGGRESSIVE;
				CLANG_CXX_LANGUAGE_STANDARD = "gnu++20";
				CLANG_ENABLE_MODULES = YES;
				CLANG_ENABLE_OBJC_ARC = YES;
				CLANG_ENABLE_OBJC_WEAK = YES;
				CLANG_WARN_BLOCK_CAPTURE_AUTORELEASING = YES;
				CLANG_WARN_BOOL_CONVERSION = YES;
				CLANG_WARN_COMMA = YES;
				CLANG_WARN_CONSTANT_CONVERSION = YES;
				CLANG_WARN_DEPRECATED_OBJC_IMPLEMENTATIONS = YES;
				CLANG_WARN_DIRECT_OBJC_ISA_USAGE = YES_ERROR;
				CLANG_WARN_DOCUMENTATION_COMMENTS = YES;
				CLANG_WARN_EMPTY_BODY = YES;
				CLANG_WARN_ENUM_CONVERSION = YES;
				CLANG_WARN_INFINITE_RECURSION = YES;
				CLANG_WARN_INT_CONVERSION = YES;
				CLANG_WARN_NON_LITERAL_NULL_CONVERSION = YES;
				CLANG_WARN_OBJC_IMPLICIT_RETAIN_SELF = YES;
				CLANG_WARN_OBJC_LITERAL_CONVERSION = YES;
				CLANG_WARN_OBJC_ROOT_CLASS = YES_ERROR;
				CLANG_WARN_QUOTED_INCLUDE_IN_FRAMEWORK_HEADER = YES;
				CLANG_WARN_RANGE_LOOP_ANALYSIS = YES;
				CLANG_WARN_STRICT_PROTOTYPES = YES;
				CLANG_WARN_SUSPICIOUS_MOVE = YES;
				CLANG_WARN_UNGUARDED_AVAILABILITY = YES_AGGRESSIVE;
				CLANG_WARN_UNREACHABLE_CODE = YES;
				CLANG_WARN__DUPLICATE_METHOD_MATCH = YES;
				COPY_PHASE_STRIP = NO;
				DEBUG_INFORMATION_FORMAT = dwarf;
				ENABLE_STRICT_OBJC_MSGSEND = YES;
				ENABLE_TESTABILITY = YES;
				ENABLE_USER_SCRIPT_SANDBOXING = YES;
				GCC_C_LANGUAGE_STANDARD = gnu17;
				GCC_DYNAMIC_NO_PIC = NO;
				GCC_NO_COMMON_BLOCKS = YES;
				GCC_OPTIMIZATION_LEVEL = 0;
				GCC_PREPROCESSOR_DEFINITIONS = (
					"DEBUG=1",
					"$(inherited)",
				);
				GCC_WARN_64_TO_32_BIT_CONVERSION = YES;
				GCC_WARN_ABOUT_RETURN_TYPE = YES_ERROR;
				GCC_WARN_UNDECLARED_SELECTOR = YES;
				GCC_WARN_UNINITIALIZED_AUTOS = YES_AGGRESSIVE;
				GCC_WARN_UNUSED_FUNCTION = YES;
				GCC_WARN_UNUSED_VARIABLE = YES;
				IPHONEOS_DEPLOYMENT_TARGET = 17.0;
				LOCALIZATION_PREFERS_STRING_CATALOGS = YES;
				MTL_ENABLE_DEBUG_INFO = INCLUDE_SOURCE;
				MTL_FAST_MATH = YES;
				ONLY_ACTIVE_ARCH = YES;
				SDKROOT = iphoneos;
				SWIFT_ACTIVE_COMPILATION_CONDITIONS = "DEBUG $(inherited)";
				SWIFT_OPTIMIZATION_LEVEL = "-Onone";
			};
			name = Debug;
		};
		599C2E9A2B3167820046BEF7 /* Release */ = {
			isa = XCBuildConfiguration;
			buildSettings = {
				ALWAYS_SEARCH_USER_PATHS = NO;
				ASSETCATALOG_COMPILER_GENERATE_SWIFT_ASSET_SYMBOL_EXTENSIONS = YES;
				CLANG_ANALYZER_NONNULL = YES;
				CLANG_ANALYZER_NUMBER_OBJECT_CONVERSION = YES_AGGRESSIVE;
				CLANG_CXX_LANGUAGE_STANDARD = "gnu++20";
				CLANG_ENABLE_MODULES = YES;
				CLANG_ENABLE_OBJC_ARC = YES;
				CLANG_ENABLE_OBJC_WEAK = YES;
				CLANG_WARN_BLOCK_CAPTURE_AUTORELEASING = YES;
				CLANG_WARN_BOOL_CONVERSION = YES;
				CLANG_WARN_COMMA = YES;
				CLANG_WARN_CONSTANT_CONVERSION = YES;
				CLANG_WARN_DEPRECATED_OBJC_IMPLEMENTATIONS = YES;
				CLANG_WARN_DIRECT_OBJC_ISA_USAGE = YES_ERROR;
				CLANG_WARN_DOCUMENTATION_COMMENTS = YES;
				CLANG_WARN_EMPTY_BODY = YES;
				CLANG_WARN_ENUM_CONVERSION = YES;
				CLANG_WARN_INFINITE_RECURSION = YES;
				CLANG_WARN_INT_CONVERSION = YES;
				CLANG_WARN_NON_LITERAL_NULL_CONVERSION = YES;
				CLANG_WARN_OBJC_IMPLICIT_RETAIN_SELF = YES;
				CLANG_WARN_OBJC_LITERAL_CONVERSION = YES;
				CLANG_WARN_OBJC_ROOT_CLASS = YES_ERROR;
				CLANG_WARN_QUOTED_INCLUDE_IN_FRAMEWORK_HEADER = YES;
				CLANG_WARN_RANGE_LOOP_ANALYSIS = YES;
				CLANG_WARN_STRICT_PROTOTYPES = YES;
				CLANG_WARN_SUSPICIOUS_MOVE = YES;
				CLANG_WARN_UNGUARDED_AVAILABILITY = YES_AGGRESSIVE;
				CLANG_WARN_UNREACHABLE_CODE = YES;
				CLANG_WARN__DUPLICATE_METHOD_MATCH = YES;
				COPY_PHASE_STRIP = NO;
				DEBUG_INFORMATION_FORMAT = "dwarf-with-dsym";
				ENABLE_NS_ASSERTIONS = NO;
				ENABLE_STRICT_OBJC_MSGSEND = YES;
				ENABLE_USER_SCRIPT_SANDBOXING = YES;
				GCC_C_LANGUAGE_STANDARD = gnu17;
				GCC_NO_COMMON_BLOCKS = YES;
				GCC_WARN_64_TO_32_BIT_CONVERSION = YES;
				GCC_WARN_ABOUT_RETURN_TYPE = YES_ERROR;
				GCC_WARN_UNDECLARED_SELECTOR = YES;
				GCC_WARN_UNINITIALIZED_AUTOS = YES_AGGRESSIVE;
				GCC_WARN_UNUSED_FUNCTION = YES;
				GCC_WARN_UNUSED_VARIABLE = YES;
				IPHONEOS_DEPLOYMENT_TARGET = 17.0;
				LOCALIZATION_PREFERS_STRING_CATALOGS = YES;
				MTL_ENABLE_DEBUG_INFO = NO;
				MTL_FAST_MATH = YES;
				SDKROOT = iphoneos;
				SWIFT_COMPILATION_MODE = wholemodule;
				VALIDATE_PRODUCT = YES;
			};
			name = Release;
		};
		599C2E9C2B3167820046BEF7 /* Debug */ = {
			isa = XCBuildConfiguration;
			buildSettings = {
				ASSETCATALOG_COMPILER_APPICON_NAME = AppIcon;
				ASSETCATALOG_COMPILER_GLOBAL_ACCENT_COLOR_NAME = AccentColor;
				CODE_SIGN_STYLE = Automatic;
				CURRENT_PROJECT_VERSION = 1;
				DEVELOPMENT_ASSET_PATHS = "\"MobileApp/Preview Content\"";
				DEVELOPMENT_TEAM = 62NB949FAC;
				ENABLE_PREVIEWS = YES;
				GENERATE_INFOPLIST_FILE = YES;
				INFOPLIST_KEY_NSCameraUsageDescription = "The AI function need to use Camera";
				INFOPLIST_KEY_NSLocationAlwaysAndWhenInUseUsageDescription = "The map function need to ues GPS system";
				INFOPLIST_KEY_NSLocationUsageDescription = "The map function need to ues GPS system";
				INFOPLIST_KEY_NSLocationWhenInUseUsageDescription = "The map function need to ues GPS system";
				INFOPLIST_KEY_UIApplicationSceneManifest_Generation = YES;
				INFOPLIST_KEY_UIApplicationSupportsIndirectInputEvents = YES;
				INFOPLIST_KEY_UILaunchScreen_Generation = YES;
				INFOPLIST_KEY_UISupportedInterfaceOrientations_iPad = "UIInterfaceOrientationPortrait UIInterfaceOrientationPortraitUpsideDown UIInterfaceOrientationLandscapeLeft UIInterfaceOrientationLandscapeRight";
				INFOPLIST_KEY_UISupportedInterfaceOrientations_iPhone = "UIInterfaceOrientationPortrait UIInterfaceOrientationLandscapeLeft UIInterfaceOrientationLandscapeRight";
				LD_RUNPATH_SEARCH_PATHS = (
					"$(inherited)",
					"@executable_path/Frameworks",
				);
				MARKETING_VERSION = 1.0;
				PRODUCT_BUNDLE_IDENTIFIER = hk.edu.shape.MobileApp;
				PRODUCT_NAME = "$(TARGET_NAME)";
				SWIFT_EMIT_LOC_STRINGS = YES;
				SWIFT_VERSION = 5.0;
				TARGETED_DEVICE_FAMILY = "1,2";
			};
			name = Debug;
		};
		599C2E9D2B3167820046BEF7 /* Release */ = {
			isa = XCBuildConfiguration;
			buildSettings = {
				ASSETCATALOG_COMPILER_APPICON_NAME = AppIcon;
				ASSETCATALOG_COMPILER_GLOBAL_ACCENT_COLOR_NAME = AccentColor;
				CODE_SIGN_STYLE = Automatic;
				CURRENT_PROJECT_VERSION = 1;
				DEVELOPMENT_ASSET_PATHS = "\"MobileApp/Preview Content\"";
				DEVELOPMENT_TEAM = 62NB949FAC;
				ENABLE_PREVIEWS = YES;
				GENERATE_INFOPLIST_FILE = YES;
				INFOPLIST_KEY_NSCameraUsageDescription = "The AI function need to use Camera";
				INFOPLIST_KEY_NSLocationAlwaysAndWhenInUseUsageDescription = "The map function need to ues GPS system";
				INFOPLIST_KEY_NSLocationUsageDescription = "The map function need to ues GPS system";
				INFOPLIST_KEY_NSLocationWhenInUseUsageDescription = "The map function need to ues GPS system";
				INFOPLIST_KEY_UIApplicationSceneManifest_Generation = YES;
				INFOPLIST_KEY_UIApplicationSupportsIndirectInputEvents = YES;
				INFOPLIST_KEY_UILaunchScreen_Generation = YES;
				INFOPLIST_KEY_UISupportedInterfaceOrientations_iPad = "UIInterfaceOrientationPortrait UIInterfaceOrientationPortraitUpsideDown UIInterfaceOrientationLandscapeLeft UIInterfaceOrientationLandscapeRight";
				INFOPLIST_KEY_UISupportedInterfaceOrientations_iPhone = "UIInterfaceOrientationPortrait UIInterfaceOrientationLandscapeLeft UIInterfaceOrientationLandscapeRight";
				LD_RUNPATH_SEARCH_PATHS = (
					"$(inherited)",
					"@executable_path/Frameworks",
				);
				MARKETING_VERSION = 1.0;
				PRODUCT_BUNDLE_IDENTIFIER = hk.edu.shape.MobileApp;
				PRODUCT_NAME = "$(TARGET_NAME)";
				SWIFT_EMIT_LOC_STRINGS = YES;
				SWIFT_VERSION = 5.0;
				TARGETED_DEVICE_FAMILY = "1,2";
			};
			name = Release;
		};
		59D5C4182B5917FB00426E71 /* Debug */ = {
			isa = XCBuildConfiguration;
			buildSettings = {
				BUNDLE_LOADER = "$(TEST_HOST)";
				CODE_SIGN_STYLE = Automatic;
				CURRENT_PROJECT_VERSION = 1;
				DEVELOPMENT_TEAM = 62NB949FAC;
				GENERATE_INFOPLIST_FILE = YES;
				MARKETING_VERSION = 1.0;
				PRODUCT_BUNDLE_IDENTIFIER = hk.edu.shape.MobileAppTests;
				PRODUCT_NAME = "$(TARGET_NAME)";
				SWIFT_EMIT_LOC_STRINGS = NO;
				SWIFT_VERSION = 5.0;
				TARGETED_DEVICE_FAMILY = "1,2";
				TEST_HOST = "$(BUILT_PRODUCTS_DIR)/MobileApp.app/$(BUNDLE_EXECUTABLE_FOLDER_PATH)/MobileApp";
			};
			name = Debug;
		};
		59D5C4192B5917FB00426E71 /* Release */ = {
			isa = XCBuildConfiguration;
			buildSettings = {
				BUNDLE_LOADER = "$(TEST_HOST)";
				CODE_SIGN_STYLE = Automatic;
				CURRENT_PROJECT_VERSION = 1;
				DEVELOPMENT_TEAM = 62NB949FAC;
				GENERATE_INFOPLIST_FILE = YES;
				MARKETING_VERSION = 1.0;
				PRODUCT_BUNDLE_IDENTIFIER = hk.edu.shape.MobileAppTests;
				PRODUCT_NAME = "$(TARGET_NAME)";
				SWIFT_EMIT_LOC_STRINGS = NO;
				SWIFT_VERSION = 5.0;
				TARGETED_DEVICE_FAMILY = "1,2";
				TEST_HOST = "$(BUILT_PRODUCTS_DIR)/MobileApp.app/$(BUNDLE_EXECUTABLE_FOLDER_PATH)/MobileApp";
			};
			name = Release;
		};
		59D5C4272B59180900426E71 /* Debug */ = {
			isa = XCBuildConfiguration;
			buildSettings = {
				"CODE_SIGN_IDENTITY[sdk=macosx*]" = "Apple Development";
				CODE_SIGN_STYLE = Automatic;
				CURRENT_PROJECT_VERSION = 1;
				DEVELOPMENT_TEAM = 62NB949FAC;
				GENERATE_INFOPLIST_FILE = YES;
				MARKETING_VERSION = 1.0;
				PRODUCT_BUNDLE_IDENTIFIER = hk.edu.shape.MobileAppUITests;
				PRODUCT_NAME = "$(TARGET_NAME)";
				SWIFT_EMIT_LOC_STRINGS = NO;
				SWIFT_VERSION = 5.0;
				TARGETED_DEVICE_FAMILY = "1,2";
				TEST_TARGET_NAME = MobileApp;
			};
			name = Debug;
		};
		59D5C4282B59180900426E71 /* Release */ = {
			isa = XCBuildConfiguration;
			buildSettings = {
				"CODE_SIGN_IDENTITY[sdk=macosx*]" = "Apple Development";
				CODE_SIGN_STYLE = Automatic;
				CURRENT_PROJECT_VERSION = 1;
				DEVELOPMENT_TEAM = 62NB949FAC;
				GENERATE_INFOPLIST_FILE = YES;
				MARKETING_VERSION = 1.0;
				PRODUCT_BUNDLE_IDENTIFIER = hk.edu.shape.MobileAppUITests;
				PRODUCT_NAME = "$(TARGET_NAME)";
				SWIFT_EMIT_LOC_STRINGS = NO;
				SWIFT_VERSION = 5.0;
				TARGETED_DEVICE_FAMILY = "1,2";
				TEST_TARGET_NAME = MobileApp;
			};
			name = Release;
		};
/* End XCBuildConfiguration section */

/* Begin XCConfigurationList section */
		599C2E702B3167800046BEF7 /* Build configuration list for PBXProject "MobileApp" */ = {
			isa = XCConfigurationList;
			buildConfigurations = (
				599C2E992B3167820046BEF7 /* Debug */,
				599C2E9A2B3167820046BEF7 /* Release */,
			);
			defaultConfigurationIsVisible = 0;
			defaultConfigurationName = Release;
		};
		599C2E9B2B3167820046BEF7 /* Build configuration list for PBXNativeTarget "MobileApp" */ = {
			isa = XCConfigurationList;
			buildConfigurations = (
				599C2E9C2B3167820046BEF7 /* Debug */,
				599C2E9D2B3167820046BEF7 /* Release */,
			);
			defaultConfigurationIsVisible = 0;
			defaultConfigurationName = Release;
		};
		59D5C4172B5917FB00426E71 /* Build configuration list for PBXNativeTarget "MobileAppTests" */ = {
			isa = XCConfigurationList;
			buildConfigurations = (
				59D5C4182B5917FB00426E71 /* Debug */,
				59D5C4192B5917FB00426E71 /* Release */,
			);
			defaultConfigurationIsVisible = 0;
			defaultConfigurationName = Release;
		};
		59D5C4262B59180900426E71 /* Build configuration list for PBXNativeTarget "MobileAppUITests" */ = {
			isa = XCConfigurationList;
			buildConfigurations = (
				59D5C4272B59180900426E71 /* Debug */,
				59D5C4282B59180900426E71 /* Release */,
			);
			defaultConfigurationIsVisible = 0;
			defaultConfigurationName = Release;
		};
/* End XCConfigurationList section */

/* Begin XCRemoteSwiftPackageReference section */
		59FC6AF62B4005A500A7D9A7 /* XCRemoteSwiftPackageReference "firebase-ios-sdk" */ = {
			isa = XCRemoteSwiftPackageReference;
			repositoryURL = "https://github.com/firebase/firebase-ios-sdk";
			requirement = {
				kind = upToNextMajorVersion;
				minimumVersion = 10.19.1;
			};
		};
/* End XCRemoteSwiftPackageReference section */

/* Begin XCSwiftPackageProductDependency section */
		598BFAD22B45347300F60FC8 /* FirebaseDatabase */ = {
			isa = XCSwiftPackageProductDependency;
			package = 59FC6AF62B4005A500A7D9A7 /* XCRemoteSwiftPackageReference "firebase-ios-sdk" */;
			productName = FirebaseDatabase;
		};
		59FC6AF72B4005A500A7D9A7 /* FirebaseAnalyticsWithoutAdIdSupport */ = {
			isa = XCSwiftPackageProductDependency;
			package = 59FC6AF62B4005A500A7D9A7 /* XCRemoteSwiftPackageReference "firebase-ios-sdk" */;
			productName = FirebaseAnalyticsWithoutAdIdSupport;
		};
		59FC6B012B4007F800A7D9A7 /* FirebaseAuth */ = {
			isa = XCSwiftPackageProductDependency;
			package = 59FC6AF62B4005A500A7D9A7 /* XCRemoteSwiftPackageReference "firebase-ios-sdk" */;
			productName = FirebaseAuth;
		};
		59FC6B032B4007F800A7D9A7 /* FirebaseFirestoreSwift */ = {
			isa = XCSwiftPackageProductDependency;
			package = 59FC6AF62B4005A500A7D9A7 /* XCRemoteSwiftPackageReference "firebase-ios-sdk" */;
			productName = FirebaseFirestoreSwift;
		};
		59FC6B052B4007F800A7D9A7 /* FirebaseStorage */ = {
			isa = XCSwiftPackageProductDependency;
			package = 59FC6AF62B4005A500A7D9A7 /* XCRemoteSwiftPackageReference "firebase-ios-sdk" */;
			productName = FirebaseStorage;
		};
/* End XCSwiftPackageProductDependency section */
	};
	rootObject = 599C2E6D2B3167800046BEF7 /* Project object */;
}
